
Microsoft Visual Studio Solution File, Format Version 12.00
# Visual Studio 15
VisualStudioVersion = 15.0.28307.271
MinimumVisualStudioVersion = 10.0.40219.1
Project("{FAE04EC0-301F-11D3-BF4B-00C04F79EFBC}") = "AppRefuerzo", "AppRefuerzo\AppRefuerzo.csproj", "{37566459-2288-40BF-89EF-80DB4E2D6AF1}"
EndProject
Project("{FAE04EC0-301F-11D3-BF4B-00C04F79EFBC}") = "ConicionalSwitch", "ConicionalSwitch\ConicionalSwitch.csproj", "{6ECC608E-EE63-4EB4-8F4D-265FF29A5B49}"
EndProject
Global
	GlobalSection(SolutionConfigurationPlatforms) = preSolution
		Debug|Any CPU = Debug|Any CPU
		Release|Any CPU = Release|Any CPU
	EndGlobalSection
	GlobalSection(ProjectConfigurationPlatforms) = postSolution
		{37566459-2288-40BF-89EF-80DB4E2D6AF1}.Debug|Any CPU.ActiveCfg = Debug|Any CPU
		{37566459-2288-40BF-89EF-80DB4E2D6AF1}.Debug|Any CPU.Build.0 = Debug|Any CPU
		{37566459-2288-40BF-89EF-80DB4E2D6AF1}.Release|Any CPU.ActiveCfg = Release|Any CPU
		{37566459-2288-40BF-89EF-80DB4E2D6AF1}.Release|Any CPU.Build.0 = Release|Any CPU
		{6ECC608E-EE63-4EB4-8F4D-265FF29A5B49}.Debug|Any CPU.ActiveCfg = Debug|Any CPU
		{6ECC608E-EE63-4EB4-8F4D-265FF29A5B49}.Debug|Any CPU.Build.0 = Debug|Any CPU
		{6ECC608E-EE63-4EB4-8F4D-265FF29A5B49}.Release|Any CPU.ActiveCfg = Release|Any CPU
		{6ECC608E-EE63-4EB4-8F4D-265FF29A5B49}.Release|Any CPU.Build.0 = Release|Any CPU
	EndGlobalSection
	GlobalSection(SolutionProperties) = preSolution
		HideSolutionNode = FALSE
	EndGlobalSection
	GlobalSection(ExtensibilityGlobals) = postSolution
		SolutionGuid = {CAC28FE7-04FA-4FA1-9170-1190FEAC08D6}
	EndGlobalSection
EndGlobal
